
Microsoft Visual Studio Solution File, Format Version 12.00
# Visual Studio 2012
# SharpDevelop 5.1
VisualStudioVersion = 12.0.20827.3
MinimumVisualStudioVersion = 10.0.40219.1
Project("{FAE04EC0-301F-11D3-BF4B-00C04F79EFBC}") = "SquadAdmin", "SquadAdmin\SquadAdmin.csproj", "{B0B83483-4D6F-419D-896A-76E6994AF4AE}"
EndProject
Global
	GlobalSection(SolutionConfigurationPlatforms) = preSolution
		Debug|Any CPU = Debug|Any CPU
		Release|Any CPU = Release|Any CPU
	EndGlobalSection
	GlobalSection(ProjectConfigurationPlatforms) = postSolution
		{B0B83483-4D6F-419D-896A-76E6994AF4AE}.Debug|Any CPU.ActiveCfg = Debug|Any CPU
		{B0B83483-4D6F-419D-896A-76E6994AF4AE}.Debug|Any CPU.Build.0 = Debug|Any CPU
		{B0B83483-4D6F-419D-896A-76E6994AF4AE}.Release|Any CPU.ActiveCfg = Release|Any CPU
		{B0B83483-4D6F-419D-896A-76E6994AF4AE}.Release|Any CPU.Build.0 = Release|Any CPU
	EndGlobalSection
EndGlobal
